
Microsoft Visual Studio Solution File, Format Version 12.00
# Visual Studio Version 17
VisualStudioVersion = 17.14.36327.8 d17.14
MinimumVisualStudioVersion = 10.0.40219.1
Project("{FAE04EC0-301F-11D3-BF4B-00C04F79EFBC}") = "Product", "Product.csproj", "{7A04BE90-BC86-4847-9937-3DD7E25F50E3}"
EndProject
Global
	GlobalSection(SolutionConfigurationPlatforms) = preSolution
		Debug|Any CPU = Debug|Any CPU
		Release|Any CPU = Release|Any CPU
	EndGlobalSection
	GlobalSection(ProjectConfigurationPlatforms) = postSolution
		{7A04BE90-BC86-4847-9937-3DD7E25F50E3}.Debug|Any CPU.ActiveCfg = Debug|Any CPU
		{7A04BE90-BC86-4847-9937-3DD7E25F50E3}.Debug|Any CPU.Build.0 = Debug|Any CPU
		{7A04BE90-BC86-4847-9937-3DD7E25F50E3}.Release|Any CPU.ActiveCfg = Release|Any CPU
		{7A04BE90-BC86-4847-9937-3DD7E25F50E3}.Release|Any CPU.Build.0 = Release|Any CPU
	EndGlobalSection
	GlobalSection(SolutionProperties) = preSolution
		HideSolutionNode = FALSE
	EndGlobalSection
	GlobalSection(ExtensibilityGlobals) = postSolution
		SolutionGuid = {3F06C154-223F-456C-8545-AC2F2CF854CF}
	EndGlobalSection
EndGlobal
